<?xml version="1.0" encoding="utf-8"?>
<Project ToolsVersion="4.0" xmlns="http://schemas.microsoft.com/developer/msbuild/2003">
  <ItemGroup>
    <Filter Include="Fichiers sources">
      <UniqueIdentifier>{4FC737F1-C7A5-4376-A066-2A32D752A2FF}</UniqueIdentifier>
      <Extensions>cpp;c;cc;cxx;c++;cppm;ixx;def;odl;idl;hpj;bat;asm;asmx</Extensions>
    </Filter>
    <Filter Include="Fichiers de ressources">
      <UniqueIdentifier>{67DA6AB6-F800-4c08-8B7A-83BB121AAD01}</UniqueIdentifier>
      <Extensions>rc;ico;cur;bmp;dlg;rc2;rct;bin;rgs;gif;jpg;jpeg;jpe;resx;tiff;tif;png;wav;mfcribbon-ms</Extensions>
    </Filter>
    <Filter Include="Fichiers sources\Animation &amp; Texture">
      <UniqueIdentifier>{3a2b2a86-b0d1-4ed3-9b68-f47e2646e60e}</UniqueIdentifier>
    </Filter>
    <Filter Include="Fichiers de ressources\Fichiers d%27en-tête">
      <UniqueIdentifier>{93995380-89BD-4b04-88EB-625FBE52EBFB}</UniqueIdentifier>
      <Extensions>h;hh;hpp;hxx;h++;hm;inl;inc;ipp;xsd</Extensions>
    </Filter>
    <Filter Include="Fichiers de ressources\Fichiers d%27en-tête\Animation &amp; Texture">
      <UniqueIdentifier>{60b103bd-16b7-4a1f-9756-0c8600c55d7b}</UniqueIdentifier>
    </Filter>
    <Filter Include="Fichiers de ressources\Fichiers d%27en-tête\Maps">
      <UniqueIdentifier>{2ab567be-85ea-40c8-98dd-a5aadd843bf6}</UniqueIdentifier>
    </Filter>
    <Filter Include="Fichiers de ressources\Fichiers d%27en-tête\UI">
      <UniqueIdentifier>{2faabf17-8845-431d-a476-d89b0f0a0628}</UniqueIdentifier>
    </Filter>
    <Filter Include="Fichiers sources\UI">
      <UniqueIdentifier>{a7532061-6eaa-4169-8784-6c9574be3fcd}</UniqueIdentifier>
    </Filter>
    <Filter Include="Fichiers de ressources\Fichiers d%27en-tête\Menu">
      <UniqueIdentifier>{a8cb194b-c7c5-42af-82e0-f06f01df5cff}</UniqueIdentifier>
    </Filter>
    <Filter Include="Fichiers sources\Menu">
      <UniqueIdentifier>{1f038d0c-d95c-4b98-919b-75db5a92c534}</UniqueIdentifier>
    </Filter>
  </ItemGroup>
  <ItemGroup>
    <ClCompile Include="TrustMeImNotAWitch.cpp">
      <Filter>Fichiers sources</Filter>
    </ClCompile>
    <ClCompile Include="Player.cpp">
      <Filter>Fichiers sources</Filter>
    </ClCompile>
    <ClCompile Include="Game.cpp">
      <Filter>Fichiers sources</Filter>
    </ClCompile>
    <ClCompile Include="textureManager.cpp">
      <Filter>Fichiers sources\Animation &amp; Texture</Filter>
    </ClCompile>
    <ClCompile Include="collisionsManager.cpp">
      <Filter>Fichiers sources</Filter>
    </ClCompile>
    <ClCompile Include="Entity.cpp">
      <Filter>Fichiers sources</Filter>
    </ClCompile>
    <ClCompile Include="EntityManager.cpp">
      <Filter>Fichiers sources</Filter>
    </ClCompile>
    <ClCompile Include="gameManagment.cpp">
      <Filter>Fichiers sources</Filter>
    </ClCompile>
    <ClCompile Include="Ground.cpp">
      <Filter>Fichiers sources</Filter>
    </ClCompile>
    <ClCompile Include="Projectiles.cpp">
      <Filter>Fichiers sources</Filter>
    </ClCompile>
    <ClCompile Include="teste.cpp">
    <ClCompile Include="map.cpp">
      <Filter>Fichiers sources</Filter>
    </ClCompile>
    <ClCompile Include="CameraUI.cpp">
      <Filter>Fichiers sources</Filter>
    </ClCompile>
    <ClCompile Include="UIManagers.cpp">
      <Filter>Fichiers sources\UI</Filter>
    </ClCompile>
    <ClCompile Include="UIImage.cpp">
      <Filter>Fichiers sources\UI</Filter>
    </ClCompile>
    <ClCompile Include="UIElements.cpp">
      <Filter>Fichiers sources\UI</Filter>
    </ClCompile>
    <ClCompile Include="UIButton.cpp">
      <Filter>Fichiers sources\UI</Filter>
    </ClCompile>
    <ClCompile Include="Score.cpp">
      <Filter>Fichiers sources\UI</Filter>
    </ClCompile>
    <ClCompile Include="Menu.cpp">
      <Filter>Fichiers sources\Menu</Filter>
    </ClCompile>
  </ItemGroup>
  <ItemGroup>
    <ClInclude Include="Player.h">
      <Filter>Fichiers de ressources\Fichiers d%27en-tête</Filter>
    </ClInclude>
    <ClInclude Include="Game.h">
      <Filter>Fichiers de ressources\Fichiers d%27en-tête</Filter>
    </ClInclude>
    <ClInclude Include="textureManager.h">
      <Filter>Fichiers de ressources\Fichiers d%27en-tête\Animation &amp; Texture</Filter>
    </ClInclude>
    <ClInclude Include="collisionsManager.h">
      <Filter>Fichiers d%27en-tête</Filter>
    </ClInclude>
    <ClInclude Include="Entity.h">
      <Filter>Fichiers d%27en-tête</Filter>
    </ClInclude>
    <ClInclude Include="EntityManager.h">
      <Filter>Fichiers d%27en-tête</Filter>
    </ClInclude>
    <ClInclude Include="gameManagment.h">
      <Filter>Fichiers d%27en-tête</Filter>
    </ClInclude>
    <ClInclude Include="Ground.h">
      <Filter>Fichiers d%27en-tête</Filter>
    </ClInclude>
    <ClInclude Include="Projectiles.h">
      <Filter>Fichiers d%27en-tête</Filter>
    </ClInclude>
    <ClInclude Include="teste.h">
      <Filter>Fichiers d%27en-tête</Filter>
    </ClInclude>
    <ClInclude Include="map.h">
      <Filter>Fichiers de ressources\Fichiers d%27en-tête</Filter>
    </ClInclude>
    <ClInclude Include="CameraUI.h">
      <Filter>Fichiers de ressources\Fichiers d%27en-tête</Filter>
    </ClInclude>
    <ClInclude Include="UIButton.h">
      <Filter>Fichiers de ressources\Fichiers d%27en-tête\UI</Filter>
    </ClInclude>
    <ClInclude Include="UIElements.h">
      <Filter>Fichiers de ressources\Fichiers d%27en-tête\UI</Filter>
    </ClInclude>
    <ClInclude Include="UIImage.h">
      <Filter>Fichiers de ressources\Fichiers d%27en-tête\UI</Filter>
    </ClInclude>
    <ClInclude Include="UIManagers.h">
      <Filter>Fichiers de ressources\Fichiers d%27en-tête\UI</Filter>
    </ClInclude>
    <ClInclude Include="Score.h">
      <Filter>Fichiers de ressources\Fichiers d%27en-tête\UI</Filter>
    </ClInclude>
    <ClInclude Include="Menu.h">
      <Filter>Fichiers de ressources\Fichiers d%27en-tête\Menu</Filter>
    </ClInclude>
  </ItemGroup>
  <ItemGroup>
    <Text Include="..\assets\maps\section1.txt">
      <Filter>Fichiers de ressources\Fichiers d%27en-tête\Maps</Filter>
    </Text>
    <Text Include="..\assets\maps\section2.txt">
      <Filter>Fichiers de ressources\Fichiers d%27en-tête\Maps</Filter>
    </Text>
  </ItemGroup>
</Project>