<?xml version="1.0" encoding="utf-8"?>
<Project ToolsVersion="4.0" xmlns="http://schemas.microsoft.com/developer/msbuild/2003">
  <ItemGroup>
    <ClCompile Include="collisionsManager.cpp" />
    <ClCompile Include="Ennemy.cpp" />
    <ClCompile Include="Entity.cpp" />
    <ClCompile Include="entityManager.cpp" />
    <ClCompile Include="gameManagment.cpp" />
    <ClCompile Include="Ground.cpp" />
    <ClCompile Include="CameraUI.cpp" />
    <ClCompile Include="Game.cpp" />
    <ClCompile Include="map.cpp" />
    <ClCompile Include="Menu.cpp" />
    <ClCompile Include="Player.cpp" />
    <ClCompile Include="Score.cpp" />
    <ClCompile Include="Projectiles.cpp" />
    <ClCompile Include="textureManager.cpp" />
    <ClCompile Include="TrustMeImNotAWitch.cpp" />
    <ClCompile Include="UIButton.cpp" />
    <ClCompile Include="UIElements.cpp" />
    <ClCompile Include="UIImage.cpp" />
    <ClCompile Include="UIManagers.cpp" />
    <ClCompile Include="ainemikitap.cpp" />
  </ItemGroup>
  <ItemGroup>
    <ClInclude Include="collisionsManager.h" />
    <ClInclude Include="Ennemy.h" />
    <ClInclude Include="Entity.h" />
    <ClInclude Include="entityManager.h" />
    <ClInclude Include="Game.h" />
    <ClInclude Include="gameManagment.h" />
    <ClInclude Include="Ground.h" />
    <ClInclude Include="CameraUI.h" />
    <ClInclude Include="map.h" />
    <ClInclude Include="Menu.h" />
    <ClInclude Include="Player.h" />
    <ClInclude Include="Score.h" />
    <ClInclude Include="Projectiles.h" />
    <ClInclude Include="textureManager.h" />
    <ClInclude Include="UIButton.h" />
    <ClInclude Include="UIElements.h" />
    <ClInclude Include="UIImage.h" />
    <ClInclude Include="UIManagers.h" />
    <ClInclude Include="ainemikitap.h" />
  </ItemGroup>
</Project>